
Microsoft Visual Studio Solution File, Format Version 12.00
# Visual Studio Version 17
VisualStudioVersion = 17.3.32901.215
MinimumVisualStudioVersion = 10.0.40219.1
Project("{FAE04EC0-301F-11D3-BF4B-00C04F79EFBC}") = "Donanım-Parçaları-ListBox1", "Donanım-Parçaları-ListBox1\Donanım-Parçaları-ListBox1.csproj", "{214B3729-BC6A-4C47-81F2-4B970B716660}"
EndProject
Global
	GlobalSection(SolutionConfigurationPlatforms) = preSolution
		Debug|Any CPU = Debug|Any CPU
		Release|Any CPU = Release|Any CPU
	EndGlobalSection
	GlobalSection(ProjectConfigurationPlatforms) = postSolution
		{214B3729-BC6A-4C47-81F2-4B970B716660}.Debug|Any CPU.ActiveCfg = Debug|Any CPU
		{214B3729-BC6A-4C47-81F2-4B970B716660}.Debug|Any CPU.Build.0 = Debug|Any CPU
		{214B3729-BC6A-4C47-81F2-4B970B716660}.Release|Any CPU.ActiveCfg = Release|Any CPU
		{214B3729-BC6A-4C47-81F2-4B970B716660}.Release|Any CPU.Build.0 = Release|Any CPU
	EndGlobalSection
	GlobalSection(SolutionProperties) = preSolution
		HideSolutionNode = FALSE
	EndGlobalSection
	GlobalSection(ExtensibilityGlobals) = postSolution
		SolutionGuid = {1825FF81-C3F8-4D13-8F81-977785CA5593}
	EndGlobalSection
EndGlobal
